
Microsoft Visual Studio Solution File, Format Version 12.00
# Visual Studio Version 16
VisualStudioVersion = 16.0.28714.193
MinimumVisualStudioVersion = 10.0.40219.1
Project("{FAE04EC0-301F-11D3-BF4B-00C04F79EFBC}") = "Moha.Emulator", "Moha.Emulator\Moha.Emulator.csproj", "{A7EB6AAF-7C18-46FF-BBA0-FD48E6257E68}"
EndProject
Project("{F2A71F9B-5D33-465A-A702-920D77279786}") = "Moha.Emulator.Tests", "Moha.Emulator.Tests\Moha.Emulator.Tests.fsproj", "{93DFE6AB-E49C-443A-A953-9927403AEF9D}"
EndProject
Global
	GlobalSection(SolutionConfigurationPlatforms) = preSolution
		Debug|Any CPU = Debug|Any CPU
		Release|Any CPU = Release|Any CPU
	EndGlobalSection
	GlobalSection(ProjectConfigurationPlatforms) = postSolution
		{A7EB6AAF-7C18-46FF-BBA0-FD48E6257E68}.Debug|Any CPU.ActiveCfg = Debug|Any CPU
		{A7EB6AAF-7C18-46FF-BBA0-FD48E6257E68}.Debug|Any CPU.Build.0 = Debug|Any CPU
		{A7EB6AAF-7C18-46FF-BBA0-FD48E6257E68}.Release|Any CPU.ActiveCfg = Release|Any CPU
		{A7EB6AAF-7C18-46FF-BBA0-FD48E6257E68}.Release|Any CPU.Build.0 = Release|Any CPU
		{93DFE6AB-E49C-443A-A953-9927403AEF9D}.Debug|Any CPU.ActiveCfg = Debug|Any CPU
		{93DFE6AB-E49C-443A-A953-9927403AEF9D}.Debug|Any CPU.Build.0 = Debug|Any CPU
		{93DFE6AB-E49C-443A-A953-9927403AEF9D}.Release|Any CPU.ActiveCfg = Release|Any CPU
		{93DFE6AB-E49C-443A-A953-9927403AEF9D}.Release|Any CPU.Build.0 = Release|Any CPU
	EndGlobalSection
	GlobalSection(SolutionProperties) = preSolution
		HideSolutionNode = FALSE
	EndGlobalSection
	GlobalSection(ExtensibilityGlobals) = postSolution
		SolutionGuid = {513F9772-C3A8-4DC9-B83B-3125E629D7F4}
	EndGlobalSection
EndGlobal
